// !$*UTF8*$!
{
	archiveVersion = 1;
	classes = {
	};
	objectVersion = 46;
	objects = {

/* Begin PBXBuildFile section */
		50E3CAC61A2666F800DD9CE2 /* main.m in Sources */ = {isa = PBXBuildFile; fileRef = 50E3CAC51A2666F800DD9CE2 /* main.m */; };
		50E3CAC91A2666F800DD9CE2 /* AppDelegate.m in Sources */ = {isa = PBXBuildFile; fileRef = 50E3CAC81A2666F800DD9CE2 /* AppDelegate.m */; };
		50E3CACC1A2666F800DD9CE2 /* ViewController.m in Sources */ = {isa = PBXBuildFile; fileRef = 50E3CACB1A2666F800DD9CE2 /* ViewController.m */; };
		50E3CAD11A2666F800DD9CE2 /* Images.xcassets in Resources */ = {isa = PBXBuildFile; fileRef = 50E3CAD01A2666F800DD9CE2 /* Images.xcassets */; };
		50E3CAE01A2666F800DD9CE2 /* AirHornTests.m in Sources */ = {isa = PBXBuildFile; fileRef = 50E3CADF1A2666F800DD9CE2 /* AirHornTests.m */; };
		50E3CAEC1A26762B00DD9CE2 /* air-horn.wav in Resources */ = {isa = PBXBuildFile; fileRef = 50E3CAEB1A26762B00DD9CE2 /* air-horn.wav */; };
		50E3CAEE1A28BB3900DD9CE2 /* convert-test.caf in Resources */ = {isa = PBXBuildFile; fileRef = 50E3CAED1A28B9B000DD9CE2 /* convert-test.caf */; };
/* End PBXBuildFile section */

/* Begin PBXContainerItemProxy section */
		50E3CADA1A2666F800DD9CE2 /* PBXContainerItemProxy */ = {
			isa = PBXContainerItemProxy;
			containerPortal = 50E3CAB81A2666F800DD9CE2 /* Project object */;
			proxyType = 1;
			remoteGlobalIDString = 50E3CABF1A2666F800DD9CE2;
			remoteInfo = AirHorn;
		};
/* End PBXContainerItemProxy section */

/* Begin PBXFileReference section */
		50E3CAC01A2666F800DD9CE2 /* AirHorn.app */ = {isa = PBXFileReference; explicitFileType = wrapper.application; includeInIndex = 0; path = AirHorn.app; sourceTree = BUILT_PRODUCTS_DIR; };
		50E3CAC41A2666F800DD9CE2 /* Info.plist */ = {isa = PBXFileReference; lastKnownFileType = text.plist.xml; path = Info.plist; sourceTree = "<group>"; };
		50E3CAC51A2666F800DD9CE2 /* main.m */ = {isa = PBXFileReference; lastKnownFileType = sourcecode.c.objc; path = main.m; sourceTree = "<group>"; };
		50E3CAC71A2666F800DD9CE2 /* AppDelegate.h */ = {isa = PBXFileReference; lastKnownFileType = sourcecode.c.h; path = AppDelegate.h; sourceTree = "<group>"; };
		50E3CAC81A2666F800DD9CE2 /* AppDelegate.m */ = {isa = PBXFileReference; lastKnownFileType = sourcecode.c.objc; path = AppDelegate.m; sourceTree = "<group>"; };
		50E3CACA1A2666F800DD9CE2 /* ViewController.h */ = {isa = PBXFileReference; lastKnownFileType = sourcecode.c.h; path = ViewController.h; sourceTree = "<group>"; };
		50E3CACB1A2666F800DD9CE2 /* ViewController.m */ = {isa = PBXFileReference; lastKnownFileType = sourcecode.c.objc; path = ViewController.m; sourceTree = "<group>"; };
		50E3CAD01A2666F800DD9CE2 /* Images.xcassets */ = {isa = PBXFileReference; lastKnownFileType = folder.assetcatalog; path = Images.xcassets; sourceTree = "<group>"; };
		50E3CAD91A2666F800DD9CE2 /* AirHornTests.xctest */ = {isa = PBXFileReference; explicitFileType = wrapper.cfbundle; includeInIndex = 0; path = AirHornTests.xctest; sourceTree = BUILT_PRODUCTS_DIR; };
		50E3CADE1A2666F800DD9CE2 /* Info.plist */ = {isa = PBXFileReference; lastKnownFileType = text.plist.xml; path = Info.plist; sourceTree = "<group>"; };
		50E3CADF1A2666F800DD9CE2 /* AirHornTests.m */ = {isa = PBXFileReference; lastKnownFileType = sourcecode.c.objc; path = AirHornTests.m; sourceTree = "<group>"; };
		50E3CAEB1A26762B00DD9CE2 /* air-horn.wav */ = {isa = PBXFileReference; lastKnownFileType = audio.wav; path = "air-horn.wav"; sourceTree = "<group>"; };
		50E3CAED1A28B9B000DD9CE2 /* convert-test.caf */ = {isa = PBXFileReference; lastKnownFileType = file; path = "convert-test.caf"; sourceTree = "<group>"; };
/* End PBXFileReference section */

/* Begin PBXFrameworksBuildPhase section */
		50E3CABD1A2666F800DD9CE2 /* Frameworks */ = {
			isa = PBXFrameworksBuildPhase;
			buildActionMask = 2147483647;
			files = (
			);
			runOnlyForDeploymentPostprocessing = 0;
		};
		50E3CAD61A2666F800DD9CE2 /* Frameworks */ = {
			isa = PBXFrameworksBuildPhase;
			buildActionMask = 2147483647;
			files = (
			);
			runOnlyForDeploymentPostprocessing = 0;
		};
/* End PBXFrameworksBuildPhase section */

/* Begin PBXGroup section */
		50E3CAB71A2666F800DD9CE2 = {
			isa = PBXGroup;
			children = (
				50E3CAC21A2666F800DD9CE2 /* AirHorn */,
				50E3CADC1A2666F800DD9CE2 /* AirHornTests */,
				50E3CAC11A2666F800DD9CE2 /* Products */,
			);
			sourceTree = "<group>";
		};
		50E3CAC11A2666F800DD9CE2 /* Products */ = {
			isa = PBXGroup;
			children = (
				50E3CAC01A2666F800DD9CE2 /* AirHorn.app */,
				50E3CAD91A2666F800DD9CE2 /* AirHornTests.xctest */,
			);
			name = Products;
			sourceTree = "<group>";
		};
		50E3CAC21A2666F800DD9CE2 /* AirHorn */ = {
			isa = PBXGroup;
			children = (
				50E3CAC71A2666F800DD9CE2 /* AppDelegate.h */,
				50E3CAC81A2666F800DD9CE2 /* AppDelegate.m */,
				50E3CAEB1A26762B00DD9CE2 /* air-horn.wav */,
				50E3CAED1A28B9B000DD9CE2 /* convert-test.caf */,
				50E3CACA1A2666F800DD9CE2 /* ViewController.h */,
				50E3CACB1A2666F800DD9CE2 /* ViewController.m */,
				50E3CAD01A2666F800DD9CE2 /* Images.xcassets */,
				50E3CAC31A2666F800DD9CE2 /* Supporting Files */,
			);
			path = AirHorn;
			sourceTree = "<group>";
		};
		50E3CAC31A2666F800DD9CE2 /* Supporting Files */ = {
			isa = PBXGroup;
			children = (
				50E3CAC41A2666F800DD9CE2 /* Info.plist */,
				50E3CAC51A2666F800DD9CE2 /* main.m */,
			);
			name = "Supporting Files";
			sourceTree = "<group>";
		};
		50E3CADC1A2666F800DD9CE2 /* AirHornTests */ = {
			isa = PBXGroup;
			children = (
				50E3CADF1A2666F800DD9CE2 /* AirHornTests.m */,
				50E3CADD1A2666F800DD9CE2 /* Supporting Files */,
			);
			path = AirHornTests;
			sourceTree = "<group>";
		};
		50E3CADD1A2666F800DD9CE2 /* Supporting Files */ = {
			isa = PBXGroup;
			children = (
				50E3CADE1A2666F800DD9CE2 /* Info.plist */,
			);
			name = "Supporting Files";
			sourceTree = "<group>";
		};
/* End PBXGroup section */

/* Begin PBXNativeTarget section */
		50E3CABF1A2666F800DD9CE2 /* AirHorn */ = {
			isa = PBXNativeTarget;
			buildConfigurationList = 50E3CAE31A2666F800DD9CE2 /* Build configuration list for PBXNativeTarget "AirHorn" */;
			buildPhases = (
				50E3CABC1A2666F800DD9CE2 /* Sources */,
				50E3CABD1A2666F800DD9CE2 /* Frameworks */,
				50E3CABE1A2666F800DD9CE2 /* Resources */,
			);
			buildRules = (
			);
			dependencies = (
			);
			name = AirHorn;
			productName = AirHorn;
			productReference = 50E3CAC01A2666F800DD9CE2 /* AirHorn.app */;
			productType = "com.apple.product-type.application";
		};
		50E3CAD81A2666F800DD9CE2 /* AirHornTests */ = {
			isa = PBXNativeTarget;
			buildConfigurationList = 50E3CAE61A2666F800DD9CE2 /* Build configuration list for PBXNativeTarget "AirHornTests" */;
			buildPhases = (
				50E3CAD51A2666F800DD9CE2 /* Sources */,
				50E3CAD61A2666F800DD9CE2 /* Frameworks */,
				50E3CAD71A2666F800DD9CE2 /* Resources */,
			);
			buildRules = (
			);
			dependencies = (
				50E3CADB1A2666F800DD9CE2 /* PBXTargetDependency */,
			);
			name = AirHornTests;
			productName = AirHornTests;
			productReference = 50E3CAD91A2666F800DD9CE2 /* AirHornTests.xctest */;
			productType = "com.apple.product-type.bundle.unit-test";
		};
/* End PBXNativeTarget section */

/* Begin PBXProject section */
		50E3CAB81A2666F800DD9CE2 /* Project object */ = {
			isa = PBXProject;
			attributes = {
				LastUpgradeCheck = 0610;
				ORGANIZATIONNAME = "Erik Allar";
				TargetAttributes = {
					50E3CABF1A2666F800DD9CE2 = {
						CreatedOnToolsVersion = 6.1;
						DevelopmentTeam = 869755T8N8;
					};
					50E3CAD81A2666F800DD9CE2 = {
						CreatedOnToolsVersion = 6.1;
						TestTargetID = 50E3CABF1A2666F800DD9CE2;
					};
				};
			};
			buildConfigurationList = 50E3CABB1A2666F800DD9CE2 /* Build configuration list for PBXProject "AirHorn" */;
			compatibilityVersion = "Xcode 3.2";
			developmentRegion = English;
			hasScannedForEncodings = 0;
			knownRegions = (
				en,
				Base,
			);
			mainGroup = 50E3CAB71A2666F800DD9CE2;
			productRefGroup = 50E3CAC11A2666F800DD9CE2 /* Products */;
			projectDirPath = "";
			projectRoot = "";
			targets = (
				50E3CABF1A2666F800DD9CE2 /* AirHorn */,
				50E3CAD81A2666F800DD9CE2 /* AirHornTests */,
			);
		};
/* End PBXProject section */

/* Begin PBXResourcesBuildPhase section */
		50E3CABE1A2666F800DD9CE2 /* Resources */ = {
			isa = PBXResourcesBuildPhase;
			buildActionMask = 2147483647;
			files = (
				50E3CAEE1A28BB3900DD9CE2 /* convert-test.caf in Resources */,
				50E3CAEC1A26762B00DD9CE2 /* air-horn.wav in Resources */,
				50E3CAD11A2666F800DD9CE2 /* Images.xcassets in Resources */,
			);
			runOnlyForDeploymentPostprocessing = 0;
		};
		50E3CAD71A2666F800DD9CE2 /* Resources */ = {
			isa = PBXResourcesBuildPhase;
			buildActionMask = 2147483647;
			files = (
			);
			runOnlyForDeploymentPostprocessing = 0;
		};
/* End PBXResourcesBuildPhase section */

/* Begin PBXSourcesBuildPhase section */
		50E3CABC1A2666F800DD9CE2 /* Sources */ = {
			isa = PBXSourcesBuildPhase;
			buildActionMask = 2147483647;
			files = (
				50E3CACC1A2666F800DD9CE2 /* ViewController.m in Sources */,
				50E3CAC91A2666F800DD9CE2 /* AppDelegate.m in Sources */,
				50E3CAC61A2666F800DD9CE2 /* main.m in Sources */,
			);
			runOnlyForDeploymentPostprocessing = 0;
		};
		50E3CAD51A2666F800DD9CE2 /* Sources */ = {
			isa = PBXSourcesBuildPhase;
			buildActionMask = 2147483647;
			files = (
				50E3CAE01A2666F800DD9CE2 /* AirHornTests.m in Sources */,
			);
			runOnlyForDeploymentPostprocessing = 0;
		};
/* End PBXSourcesBuildPhase section */

/* Begin PBXTargetDependency section */
		50E3CADB1A2666F800DD9CE2 /* PBXTargetDependency */ = {
			isa = PBXTargetDependency;
			target = 50E3CABF1A2666F800DD9CE2 /* AirHorn */;
			targetProxy = 50E3CADA1A2666F800DD9CE2 /* PBXContainerItemProxy */;
		};
/* End PBXTargetDependency section */

/* Begin XCBuildConfiguration section */
		50E3CAE11A2666F800DD9CE2 /* Debug */ = {
			isa = XCBuildConfiguration;
			buildSettings = {
				ALWAYS_SEARCH_USER_PATHS = NO;
				CLANG_CXX_LANGUAGE_STANDARD = "gnu++0x";
				CLANG_CXX_LIBRARY = "libc++";
				CLANG_ENABLE_MODULES = YES;
				CLANG_ENABLE_OBJC_ARC = YES;
				CLANG_WARN_BOOL_CONVERSION = YES;
				CLANG_WARN_CONSTANT_CONVERSION = YES;
				CLANG_WARN_DIRECT_OBJC_ISA_USAGE = YES_ERROR;
				CLANG_WARN_EMPTY_BODY = YES;
				CLANG_WARN_ENUM_CONVERSION = YES;
				CLANG_WARN_INT_CONVERSION = YES;
				CLANG_WARN_OBJC_ROOT_CLASS = YES_ERROR;
				CLANG_WARN_UNREACHABLE_CODE = YES;
				CLANG_WARN__DUPLICATE_METHOD_MATCH = YES;
				"CODE_SIGN_IDENTITY[sdk=iphoneos*]" = "iPhone Developer";
				COPY_PHASE_STRIP = NO;
				ENABLE_STRICT_OBJC_MSGSEND = YES;
				GCC_C_LANGUAGE_STANDARD = gnu99;
				GCC_DYNAMIC_NO_PIC = NO;
				GCC_OPTIMIZATION_LEVEL = 0;
				GCC_PREPROCESSOR_DEFINITIONS = (
					"DEBUG=1",
					"$(inherited)",
				);
				GCC_SYMBOLS_PRIVATE_EXTERN = NO;
				GCC_WARN_64_TO_32_BIT_CONVERSION = YES;
				GCC_WARN_ABOUT_RETURN_TYPE = YES_ERROR;
				GCC_WARN_UNDECLARED_SELECTOR = YES;
				GCC_WARN_UNINITIALIZED_AUTOS = YES_AGGRESSIVE;
				GCC_WARN_UNUSED_FUNCTION = YES;
				GCC_WARN_UNUSED_VARIABLE = YES;
				IPHONEOS_DEPLOYMENT_TARGET = 8.1;
				MTL_ENABLE_DEBUG_INFO = YES;
				ONLY_ACTIVE_ARCH = YES;
				SDKROOT = iphoneos;
			};
			name = Debug;
		};
		50E3CAE21A2666F800DD9CE2 /* Release */ = {
			isa = XCBuildConfiguration;
			buildSettings = {
				ALWAYS_SEARCH_USER_PATHS = NO;
				CLANG_CXX_LANGUAGE_STANDARD = "gnu++0x";
				CLANG_CXX_LIBRARY = "libc++";
				CLANG_ENABLE_MODULES = YES;
				CLANG_ENABLE_OBJC_ARC = YES;
				CLANG_WARN_BOOL_CONVERSION = YES;
				CLANG_WARN_CONSTANT_CONVERSION = YES;
				CLANG_WARN_DIRECT_OBJC_ISA_USAGE = YES_ERROR;
				CLANG_WARN_EMPTY_BODY = YES;
				CLANG_WARN_ENUM_CONVERSION = YES;
				CLANG_WARN_INT_CONVERSION = YES;
				CLANG_WARN_OBJC_ROOT_CLASS = YES_ERROR;
				CLANG_WARN_UNREACHABLE_CODE = YES;
				CLANG_WARN__DUPLICATE_METHOD_MATCH = YES;
				"CODE_SIGN_IDENTITY[sdk=iphoneos*]" = "iPhone Developer";
				COPY_PHASE_STRIP = YES;
				ENABLE_NS_ASSERTIONS = NO;
				ENABLE_STRICT_OBJC_MSGSEND = YES;
				GCC_C_LANGUAGE_STANDARD = gnu99;
				GCC_WARN_64_TO_32_BIT_CONVERSION = YES;
				GCC_WARN_ABOUT_RETURN_TYPE = YES_ERROR;
				GCC_WARN_UNDECLARED_SELECTOR = YES;
				GCC_WARN_UNINITIALIZED_AUTOS = YES_AGGRESSIVE;
				GCC_WARN_UNUSED_FUNCTION = YES;
				GCC_WARN_UNUSED_VARIABLE = YES;
				IPHONEOS_DEPLOYMENT_TARGET = 8.1;
				MTL_ENABLE_DEBUG_INFO = NO;
				SDKROOT = iphoneos;
				VALIDATE_PRODUCT = YES;
			};
			name = Release;
		};
		50E3CAE41A2666F800DD9CE2 /* Debug */ = {
			isa = XCBuildConfiguration;
			buildSettings = {
				ASSETCATALOG_COMPILER_APPICON_NAME = AppIcon;
				CODE_SIGN_IDENTITY = "iPhone Developer";
				"CODE_SIGN_IDENTITY[sdk=iphoneos*]" = "iPhone Developer";
				INFOPLIST_FILE = AirHorn/Info.plist;
				LD_RUNPATH_SEARCH_PATHS = "$(inherited) @executable_path/Frameworks";
				PRODUCT_NAME = "$(TARGET_NAME)";
				PROVISIONING_PROFILE = "";
			};
			name = Debug;
		};
		50E3CAE51A2666F800DD9CE2 /* Release */ = {
			isa = XCBuildConfiguration;
			buildSettings = {
				ASSETCATALOG_COMPILER_APPICON_NAME = AppIcon;
				CODE_SIGN_IDENTITY = "iPhone Developer";
				"CODE_SIGN_IDENTITY[sdk=iphoneos*]" = "iPhone Developer";
				INFOPLIST_FILE = AirHorn/Info.plist;
				LD_RUNPATH_SEARCH_PATHS = "$(inherited) @executable_path/Frameworks";
				PRODUCT_NAME = "$(TARGET_NAME)";
				PROVISIONING_PROFILE = "";
			};
			name = Release;
		};
		50E3CAE71A2666F800DD9CE2 /* Debug */ = {
			isa = XCBuildConfiguration;
			buildSettings = {
				BUNDLE_LOADER = "$(TEST_HOST)";
				FRAMEWORK_SEARCH_PATHS = (
					"$(SDKROOT)/Developer/Library/Frameworks",
					"$(inherited)",
				);
				GCC_PREPROCESSOR_DEFINITIONS = (
					"DEBUG=1",
					"$(inherited)",
				);
				INFOPLIST_FILE = AirHornTests/Info.plist;
				LD_RUNPATH_SEARCH_PATHS = "$(inherited) @executable_path/Frameworks @loader_path/Frameworks";
				PRODUCT_NAME = "$(TARGET_NAME)";
				TEST_HOST = "$(BUILT_PRODUCTS_DIR)/AirHorn.app/AirHorn";
			};
			name = Debug;
		};
		50E3CAE81A2666F800DD9CE2 /* Release */ = {
			isa = XCBuildConfiguration;
			buildSettings = {
				BUNDLE_LOADER = "$(TEST_HOST)";
				FRAMEWORK_SEARCH_PATHS = (
					"$(SDKROOT)/Developer/Library/Frameworks",
					"$(inherited)",
				);
				INFOPLIST_FILE = AirHornTests/Info.plist;
				LD_RUNPATH_SEARCH_PATHS = "$(inherited) @executable_path/Frameworks @loader_path/Frameworks";
				PRODUCT_NAME = "$(TARGET_NAME)";
				TEST_HOST = "$(BUILT_PRODUCTS_DIR)/AirHorn.app/AirHorn";
			};
			name = Release;
		};
/* End XCBuildConfiguration section */

/* Begin XCConfigurationList section */
		50E3CABB1A2666F800DD9CE2 /* Build configuration list for PBXProject "AirHorn" */ = {
			isa = XCConfigurationList;
			buildConfigurations = (
				50E3CAE11A2666F800DD9CE2 /* Debug */,
				50E3CAE21A2666F800DD9CE2 /* Release */,
			);
			defaultConfigurationIsVisible = 0;
			defaultConfigurationName = Release;
		};
		50E3CAE31A2666F800DD9CE2 /* Build configuration list for PBXNativeTarget "AirHorn" */ = {
			isa = XCConfigurationList;
			buildConfigurations = (
				50E3CAE41A2666F800DD9CE2 /* Debug */,
				50E3CAE51A2666F800DD9CE2 /* Release */,
			);
			defaultConfigurationIsVisible = 0;
		};
		50E3CAE61A2666F800DD9CE2 /* Build configuration list for PBXNativeTarget "AirHornTests" */ = {
			isa = XCConfigurationList;
			buildConfigurations = (
				50E3CAE71A2666F800DD9CE2 /* Debug */,
				50E3CAE81A2666F800DD9CE2 /* Release */,
			);
			defaultConfigurationIsVisible = 0;
		};
/* End XCConfigurationList section */
	};
	rootObject = 50E3CAB81A2666F800DD9CE2 /* Project object */;
}
